
Microsoft Visual Studio Solution File, Format Version 12.00
# Visual Studio Version 17
VisualStudioVersion = 17.1.32328.378
MinimumVisualStudioVersion = 10.0.40219.1
Project("{FAE04EC0-301F-11D3-BF4B-00C04F79EFBC}") = "MD_2", "MD_2\MD_2.csproj", "{CA4C000B-2A8E-4958-B9C4-E4DF7F7A363F}"
EndProject
Global
	GlobalSection(SolutionConfigurationPlatforms) = preSolution
		Debug|Any CPU = Debug|Any CPU
		Release|Any CPU = Release|Any CPU
	EndGlobalSection
	GlobalSection(ProjectConfigurationPlatforms) = postSolution
		{CA4C000B-2A8E-4958-B9C4-E4DF7F7A363F}.Debug|Any CPU.ActiveCfg = Debug|Any CPU
		{CA4C000B-2A8E-4958-B9C4-E4DF7F7A363F}.Debug|Any CPU.Build.0 = Debug|Any CPU
		{CA4C000B-2A8E-4958-B9C4-E4DF7F7A363F}.Release|Any CPU.ActiveCfg = Release|Any CPU
		{CA4C000B-2A8E-4958-B9C4-E4DF7F7A363F}.Release|Any CPU.Build.0 = Release|Any CPU
	EndGlobalSection
	GlobalSection(SolutionProperties) = preSolution
		HideSolutionNode = FALSE
	EndGlobalSection
	GlobalSection(ExtensibilityGlobals) = postSolution
		SolutionGuid = {5EA214F7-6706-4123-ADA9-4AEAA976476D}
	EndGlobalSection
EndGlobal
